
Microsoft Visual Studio Solution File, Format Version 12.00
# Visual Studio 2010
Project("{FAE04EC0-301F-11D3-BF4B-00C04F79EFBC}") = "BackboneJsOnNancy.Api", "BackboneJsOnNancy.Api\BackboneJsOnNancy.Api.csproj", "{8CC54ED4-93C4-4E40-84FB-77DF01157082}"
EndProject
Project("{FAE04EC0-301F-11D3-BF4B-00C04F79EFBC}") = "BackboneJsOnNancy.Web", "BackboneJsOnNancy.Web\BackboneJsOnNancy.Web.csproj", "{C7A58EAB-1084-48A7-9647-866D97E51F38}"
EndProject
Project("{2150E333-8FDC-42A3-9474-1A3956D46DE8}") = "tests", "tests", "{1A286376-B3F5-40CE-90DA-E3F6B4183DEF}"
EndProject
Project("{FAE04EC0-301F-11D3-BF4B-00C04F79EFBC}") = "BackboneJsOnNancy.Web.Tests", "BackboneJsOnNancy.Web.Tests\BackboneJsOnNancy.Web.Tests.csproj", "{40A7A38B-7AD1-4C1E-8340-8F87BD1339BB}"
EndProject
Project("{FAE04EC0-301F-11D3-BF4B-00C04F79EFBC}") = "BackboneJsOnNancy.Api.Tests", "BackboneJsOnNancy.Api.Tests\BackboneJsOnNancy.Api.Tests.csproj", "{F2D4FFB5-1E19-4556-8111-9CCD9E00165B}"
EndProject
Project("{FAE04EC0-301F-11D3-BF4B-00C04F79EFBC}") = "BackboneJsOnNancy", "BackboneJsOnNancy\BackboneJsOnNancy.csproj", "{980D7708-C91F-4B36-817A-1F02F4FFC12C}"
EndProject
Project("{FAE04EC0-301F-11D3-BF4B-00C04F79EFBC}") = "BackboneJsOnNancy.Tests", "BackboneJsOnNancy.Tests\BackboneJsOnNancy.Tests.csproj", "{7EC487E4-2628-4988-BD3D-F3C2A1038A99}"
EndProject
Global
	GlobalSection(SolutionConfigurationPlatforms) = preSolution
		Debug|Any CPU = Debug|Any CPU
		Release|Any CPU = Release|Any CPU
	EndGlobalSection
	GlobalSection(ProjectConfigurationPlatforms) = postSolution
		{8CC54ED4-93C4-4E40-84FB-77DF01157082}.Debug|Any CPU.ActiveCfg = Debug|Any CPU
		{8CC54ED4-93C4-4E40-84FB-77DF01157082}.Debug|Any CPU.Build.0 = Debug|Any CPU
		{8CC54ED4-93C4-4E40-84FB-77DF01157082}.Release|Any CPU.ActiveCfg = Release|Any CPU
		{8CC54ED4-93C4-4E40-84FB-77DF01157082}.Release|Any CPU.Build.0 = Release|Any CPU
		{C7A58EAB-1084-48A7-9647-866D97E51F38}.Debug|Any CPU.ActiveCfg = Debug|Any CPU
		{C7A58EAB-1084-48A7-9647-866D97E51F38}.Debug|Any CPU.Build.0 = Debug|Any CPU
		{C7A58EAB-1084-48A7-9647-866D97E51F38}.Release|Any CPU.ActiveCfg = Release|Any CPU
		{C7A58EAB-1084-48A7-9647-866D97E51F38}.Release|Any CPU.Build.0 = Release|Any CPU
		{40A7A38B-7AD1-4C1E-8340-8F87BD1339BB}.Debug|Any CPU.ActiveCfg = Debug|Any CPU
		{40A7A38B-7AD1-4C1E-8340-8F87BD1339BB}.Debug|Any CPU.Build.0 = Debug|Any CPU
		{40A7A38B-7AD1-4C1E-8340-8F87BD1339BB}.Release|Any CPU.ActiveCfg = Release|Any CPU
		{40A7A38B-7AD1-4C1E-8340-8F87BD1339BB}.Release|Any CPU.Build.0 = Release|Any CPU
		{F2D4FFB5-1E19-4556-8111-9CCD9E00165B}.Debug|Any CPU.ActiveCfg = Debug|Any CPU
		{F2D4FFB5-1E19-4556-8111-9CCD9E00165B}.Debug|Any CPU.Build.0 = Debug|Any CPU
		{F2D4FFB5-1E19-4556-8111-9CCD9E00165B}.Release|Any CPU.ActiveCfg = Release|Any CPU
		{F2D4FFB5-1E19-4556-8111-9CCD9E00165B}.Release|Any CPU.Build.0 = Release|Any CPU
		{980D7708-C91F-4B36-817A-1F02F4FFC12C}.Debug|Any CPU.ActiveCfg = Debug|Any CPU
		{980D7708-C91F-4B36-817A-1F02F4FFC12C}.Debug|Any CPU.Build.0 = Debug|Any CPU
		{980D7708-C91F-4B36-817A-1F02F4FFC12C}.Release|Any CPU.ActiveCfg = Release|Any CPU
		{980D7708-C91F-4B36-817A-1F02F4FFC12C}.Release|Any CPU.Build.0 = Release|Any CPU
		{7EC487E4-2628-4988-BD3D-F3C2A1038A99}.Debug|Any CPU.ActiveCfg = Debug|Any CPU
		{7EC487E4-2628-4988-BD3D-F3C2A1038A99}.Debug|Any CPU.Build.0 = Debug|Any CPU
		{7EC487E4-2628-4988-BD3D-F3C2A1038A99}.Release|Any CPU.ActiveCfg = Release|Any CPU
		{7EC487E4-2628-4988-BD3D-F3C2A1038A99}.Release|Any CPU.Build.0 = Release|Any CPU
	EndGlobalSection
	GlobalSection(SolutionProperties) = preSolution
		HideSolutionNode = FALSE
	EndGlobalSection
	GlobalSection(NestedProjects) = preSolution
		{40A7A38B-7AD1-4C1E-8340-8F87BD1339BB} = {1A286376-B3F5-40CE-90DA-E3F6B4183DEF}
		{F2D4FFB5-1E19-4556-8111-9CCD9E00165B} = {1A286376-B3F5-40CE-90DA-E3F6B4183DEF}
		{7EC487E4-2628-4988-BD3D-F3C2A1038A99} = {1A286376-B3F5-40CE-90DA-E3F6B4183DEF}
	EndGlobalSection
EndGlobal
